
Microsoft Visual Studio Solution File, Format Version 12.00
# Visual Studio Version 16
VisualStudioVersion = 16.0.31005.135
MinimumVisualStudioVersion = 10.0.40219.1
Project("{FAE04EC0-301F-11D3-BF4B-00C04F79EFBC}") = "Juros", "Juros\Juros.csproj", "{A45FB48F-9FE7-4A16-AA4E-28D98A7C53D6}"
EndProject
Project("{54435603-DBB4-11D2-8724-00A0C9A8B90C}") = "CalculoJuros_CPA", "CalculoJuros_CPA\CalculoJuros_CPA.vdproj", "{224F5FEF-BBF8-429C-925E-B803226B7D9A}"
EndProject
Global
	GlobalSection(SolutionConfigurationPlatforms) = preSolution
		Debug|Any CPU = Debug|Any CPU
		Release|Any CPU = Release|Any CPU
	EndGlobalSection
	GlobalSection(ProjectConfigurationPlatforms) = postSolution
		{A45FB48F-9FE7-4A16-AA4E-28D98A7C53D6}.Debug|Any CPU.ActiveCfg = Debug|Any CPU
		{A45FB48F-9FE7-4A16-AA4E-28D98A7C53D6}.Debug|Any CPU.Build.0 = Debug|Any CPU
		{A45FB48F-9FE7-4A16-AA4E-28D98A7C53D6}.Release|Any CPU.ActiveCfg = Release|Any CPU
		{A45FB48F-9FE7-4A16-AA4E-28D98A7C53D6}.Release|Any CPU.Build.0 = Release|Any CPU
		{224F5FEF-BBF8-429C-925E-B803226B7D9A}.Debug|Any CPU.ActiveCfg = Debug
		{224F5FEF-BBF8-429C-925E-B803226B7D9A}.Release|Any CPU.ActiveCfg = Release
	EndGlobalSection
	GlobalSection(SolutionProperties) = preSolution
		HideSolutionNode = FALSE
	EndGlobalSection
	GlobalSection(ExtensibilityGlobals) = postSolution
		SolutionGuid = {2C06CDAE-161E-4750-A1EC-BE03D149509E}
	EndGlobalSection
EndGlobal
